
Microsoft Visual Studio Solution File, Format Version 12.00
# Visual Studio Version 16
VisualStudioVersion = 16.0.29609.76
MinimumVisualStudioVersion = 10.0.40219.1
Project("{E24C65DC-7377-472B-9ABA-BC803B73C61A}") = "CloudFun.Web", "CloudFun.Web\", "{379C79E5-665C-4277-91B0-44080A2EEE96}"
	ProjectSection(WebsiteProperties) = preProject
		TargetFrameworkMoniker = ".NETFramework,Version%3Dv4.7.2"
		Debug.AspNetCompiler.VirtualPath = "/localhost_5367"
		Debug.AspNetCompiler.PhysicalPath = "CloudFun.Web\"
		Debug.AspNetCompiler.TargetPath = "PrecompiledWeb\localhost_5367\"
		Debug.AspNetCompiler.Updateable = "true"
		Debug.AspNetCompiler.ForceOverwrite = "true"
		Debug.AspNetCompiler.FixedNames = "false"
		Debug.AspNetCompiler.Debug = "True"
		Release.AspNetCompiler.VirtualPath = "/localhost_5367"
		Release.AspNetCompiler.PhysicalPath = "CloudFun.Web\"
		Release.AspNetCompiler.TargetPath = "PrecompiledWeb\localhost_5367\"
		Release.AspNetCompiler.Updateable = "true"
		Release.AspNetCompiler.ForceOverwrite = "true"
		Release.AspNetCompiler.FixedNames = "false"
		Release.AspNetCompiler.Debug = "False"
		VWDPort = "5367"
		SlnRelativePath = "CloudFun.Web\"
		DefaultWebSiteLanguage = "Visual C#"
	EndProjectSection
	ProjectSection(ProjectDependencies) = postProject
		{C69BE388-678A-472D-AF0C-307BB4BA2B86} = {C69BE388-678A-472D-AF0C-307BB4BA2B86}
	EndProjectSection
EndProject
Project("{9A19103F-16F7-4668-BE54-9A1E7A4F7556}") = "CloudFun.Core", "CloudFun.Core\CloudFun.Core.csproj", "{C69BE388-678A-472D-AF0C-307BB4BA2B86}"
EndProject
Global
	GlobalSection(SolutionConfigurationPlatforms) = preSolution
		Debug|Any CPU = Debug|Any CPU
		Release|Any CPU = Release|Any CPU
	EndGlobalSection
	GlobalSection(ProjectConfigurationPlatforms) = postSolution
		{379C79E5-665C-4277-91B0-44080A2EEE96}.Debug|Any CPU.ActiveCfg = Debug|Any CPU
		{379C79E5-665C-4277-91B0-44080A2EEE96}.Release|Any CPU.ActiveCfg = Debug|Any CPU
		{C69BE388-678A-472D-AF0C-307BB4BA2B86}.Debug|Any CPU.ActiveCfg = Debug|Any CPU
		{C69BE388-678A-472D-AF0C-307BB4BA2B86}.Debug|Any CPU.Build.0 = Debug|Any CPU
		{C69BE388-678A-472D-AF0C-307BB4BA2B86}.Release|Any CPU.ActiveCfg = Release|Any CPU
		{C69BE388-678A-472D-AF0C-307BB4BA2B86}.Release|Any CPU.Build.0 = Release|Any CPU
	EndGlobalSection
	GlobalSection(SolutionProperties) = preSolution
		HideSolutionNode = FALSE
	EndGlobalSection
	GlobalSection(ExtensibilityGlobals) = postSolution
		SolutionGuid = {A176BF69-B261-4948-BB23-5042EC386889}
	EndGlobalSection
EndGlobal
